<?xml version="1.0" encoding="utf-8"?>
<Project ToolsVersion="4.0" xmlns="http://schemas.microsoft.com/developer/msbuild/2003">
  <ItemGroup>
    <Filter Include="win32">
      <UniqueIdentifier>{84a8ebd7-7cf0-47f6-b75e-d441df67da40}</UniqueIdentifier>
    </Filter>
    <Filter Include="resource">
      <UniqueIdentifier>{715254bc-d70b-4ec5-bf29-467dd3ace079}</UniqueIdentifier>
    </Filter>
    <Filter Include="src">
      <UniqueIdentifier>{bb6c862e-70e9-49d9-81b7-3829a6f50471}</UniqueIdentifier>
    </Filter>
    <Filter Include="src\Animation">
      <UniqueIdentifier>{d8cbc96c-f8ff-4692-a23e-7fa80644b656}</UniqueIdentifier>
    </Filter>
    <Filter Include="src\Check">
      <UniqueIdentifier>{7ae6894e-0e4d-4c78-9d51-ea03f386bb22}</UniqueIdentifier>
    </Filter>
    <Filter Include="src\Effect">
      <UniqueIdentifier>{ce9df552-a665-47fe-95d7-183d91a4c0ae}</UniqueIdentifier>
    </Filter>
    <Filter Include="src\Input">
      <UniqueIdentifier>{b8bb6c9a-256b-45fb-82fe-1298674661e6}</UniqueIdentifier>
    </Filter>
    <Filter Include="src\Action">
      <UniqueIdentifier>{748b9899-5960-4094-a06f-5994f4d04ca4}</UniqueIdentifier>
    </Filter>
    <Filter Include="src\Obj">
      <UniqueIdentifier>{7d592b6c-2d73-4391-8cc1-952ffeeb4182}</UniqueIdentifier>
    </Filter>
    <Filter Include="src\Sound">
      <UniqueIdentifier>{826908e2-39e9-428a-b091-c42c495e1252}</UniqueIdentifier>
    </Filter>
    <Filter Include="src\Camera">
      <UniqueIdentifier>{527bcd01-028e-4880-9c61-98dd80e73e4d}</UniqueIdentifier>
    </Filter>
    <Filter Include="src\Scene">
      <UniqueIdentifier>{d9351241-22f0-4962-b242-39c623e2c83c}</UniqueIdentifier>
    </Filter>
    <Filter Include="src\Item">
      <UniqueIdentifier>{675eff0d-2208-4014-bafc-67af82b9f415}</UniqueIdentifier>
    </Filter>
    <Filter Include="src\UI&amp;Visual">
      <UniqueIdentifier>{90a6e957-93c6-4230-b0b8-f3b862ed7f3b}</UniqueIdentifier>
    </Filter>
  </ItemGroup>
  <ItemGroup>
    <ClCompile Include="main.cpp">
      <Filter>win32</Filter>
    </ClCompile>
    <ClCompile Include="..\Classes\AppDelegate.cpp">
      <Filter>src</Filter>
    </ClCompile>
    <ClCompile Include="..\Classes\Animation\AnimCtl.cpp">
      <Filter>src\Animation</Filter>
    </ClCompile>
    <ClCompile Include="..\Classes\CheckCollision.cpp">
      <Filter>src\Check</Filter>
    </ClCompile>
    <ClCompile Include="..\Classes\effect\EffectMng.cpp">
      <Filter>src\Effect</Filter>
    </ClCompile>
    <ClCompile Include="..\Classes\effect\Effekseer.cpp">
      <Filter>src\Effect</Filter>
    </ClCompile>
    <ClCompile Include="..\Classes\effect\EffekseerNative.cpp">
      <Filter>src\Effect</Filter>
    </ClCompile>
    <ClCompile Include="..\Classes\effect\EffekseerRendererNative.cpp">
      <Filter>src\Effect</Filter>
    </ClCompile>
    <ClCompile Include="..\Classes\input\OPRT_Key.cpp">
      <Filter>src\Input</Filter>
    </ClCompile>
    <ClCompile Include="..\Classes\input\OPRT_State.cpp">
      <Filter>src\Input</Filter>
    </ClCompile>
    <ClCompile Include="..\Classes\input\OPRT_Touch.cpp">
      <Filter>src\Input</Filter>
    </ClCompile>
    <ClCompile Include="..\Classes\obj\Enemy.cpp">
      <Filter>src\Obj</Filter>
    </ClCompile>
    <ClCompile Include="..\Classes\obj\Player.cpp">
      <Filter>src\Obj</Filter>
    </ClCompile>
    <ClCompile Include="..\Classes\sound\SoundMng.cpp">
      <Filter>src\Sound</Filter>
    </ClCompile>
    <ClCompile Include="..\Classes\ActionCtl.cpp">
      <Filter>src\Action</Filter>
    </ClCompile>
    <ClCompile Include="..\Classes\move\Falling.cpp">
      <Filter>src\Action</Filter>
    </ClCompile>
    <ClCompile Include="..\Classes\move\FallMove.cpp">
      <Filter>src\Action</Filter>
    </ClCompile>
    <ClCompile Include="..\Classes\move\Jumping.cpp">
      <Filter>src\Action</Filter>
    </ClCompile>
    <ClCompile Include="..\Classes\move\JumpMove.cpp">
      <Filter>src\Action</Filter>
    </ClCompile>
    <ClCompile Include="..\Classes\move\MoveLR.cpp">
      <Filter>src\Action</Filter>
    </ClCompile>
    <ClCompile Include="..\Classes\CheckKey.cpp">
      <Filter>src\Check</Filter>
    </ClCompile>
    <ClCompile Include="..\Classes\CheckList.cpp">
      <Filter>src\Check</Filter>
    </ClCompile>
    <ClCompile Include="..\Classes\debug\_DebugConOut.cpp">
      <Filter>src</Filter>
    </ClCompile>
    <ClCompile Include="..\Classes\actModule.cpp">
      <Filter>src\Action</Filter>
    </ClCompile>
    <ClCompile Include="..\Classes\CameraCtl.cpp">
      <Filter>src\Camera</Filter>
    </ClCompile>
    <ClCompile Include="..\Classes\GameScene.cpp">
      <Filter>src\Scene</Filter>
    </ClCompile>
    <ClCompile Include="..\Classes\ResultScene.cpp">
      <Filter>src\Scene</Filter>
    </ClCompile>
    <ClCompile Include="..\Classes\TitleScene.cpp">
      <Filter>src\Scene</Filter>
    </ClCompile>
    <ClCompile Include="..\Classes\item\HpItem.cpp">
      <Filter>src\Item</Filter>
    </ClCompile>
    <ClCompile Include="..\Classes\item\NormalItem.cpp">
      <Filter>src\Item</Filter>
    </ClCompile>
    <ClCompile Include="..\Classes\Score.cpp">
      <Filter>src</Filter>
    </ClCompile>
    <ClCompile Include="..\Classes\move\AttackMove.cpp">
      <Filter>src\Action</Filter>
    </ClCompile>
    <ClCompile Include="..\Classes\ui\clickUI.cpp">
      <Filter>src\UI&amp;Visual</Filter>
    </ClCompile>
    <ClCompile Include="DisplayUI.cpp" />
    <ClCompile Include="..\Classes\ui\TitleNameMove.cpp">
      <Filter>src\UI&amp;Visual</Filter>
    </ClCompile>
    <ClCompile Include="..\Classes\ui\BackScroll.cpp">
      <Filter>src\UI&amp;Visual</Filter>
    </ClCompile>
    <ClCompile Include="..\Classes\ui\Attack.cpp">
      <Filter>src\UI&amp;Visual</Filter>
    </ClCompile>
  </ItemGroup>
  <ItemGroup>
    <ClInclude Include="main.h">
      <Filter>win32</Filter>
    </ClInclude>
    <ClInclude Include="..\Classes\AppDelegate.h">
      <Filter>src</Filter>
    </ClInclude>
    <ClInclude Include="..\Classes\Animation\AnimCtl.h">
      <Filter>src\Animation</Filter>
    </ClInclude>
    <ClInclude Include="..\Classes\CheckCollision.h">
      <Filter>src\Check</Filter>
    </ClInclude>
    <ClInclude Include="..\Classes\effect\EffectMng.h">
      <Filter>src\Effect</Filter>
    </ClInclude>
    <ClInclude Include="..\Classes\effect\Effekseer.h">
      <Filter>src\Effect</Filter>
    </ClInclude>
    <ClInclude Include="..\Classes\effect\EffekseerNative.h">
      <Filter>src\Effect</Filter>
    </ClInclude>
    <ClInclude Include="..\Classes\effect\EffekseerRendererNative.h">
      <Filter>src\Effect</Filter>
    </ClInclude>
    <ClInclude Include="..\Classes\input\OPRT_Key.h">
      <Filter>src\Input</Filter>
    </ClInclude>
    <ClInclude Include="..\Classes\input\OPRT_State.h">
      <Filter>src\Input</Filter>
    </ClInclude>
    <ClInclude Include="..\Classes\input\OPRT_Touch.h">
      <Filter>src\Input</Filter>
    </ClInclude>
    <ClInclude Include="..\Classes\obj\Enemy.h">
      <Filter>src\Obj</Filter>
    </ClInclude>
    <ClInclude Include="..\Classes\obj\Player.h">
      <Filter>src\Obj</Filter>
    </ClInclude>
    <ClInclude Include="..\Classes\sound\SoundMng.h">
      <Filter>src\Sound</Filter>
    </ClInclude>
    <ClInclude Include="..\Classes\ActionCtl.h">
      <Filter>src\Action</Filter>
    </ClInclude>
    <ClInclude Include="..\Classes\move\Falling.h">
      <Filter>src\Action</Filter>
    </ClInclude>
    <ClInclude Include="..\Classes\move\FallMove.h">
      <Filter>src\Action</Filter>
    </ClInclude>
    <ClInclude Include="..\Classes\move\Jumping.h">
      <Filter>src\Action</Filter>
    </ClInclude>
    <ClInclude Include="..\Classes\move\JumpMove.h">
      <Filter>src\Action</Filter>
    </ClInclude>
    <ClInclude Include="..\Classes\move\MoveLR.h">
      <Filter>src\Action</Filter>
    </ClInclude>
    <ClInclude Include="..\Classes\CheckKey.h">
      <Filter>src\Check</Filter>
    </ClInclude>
    <ClInclude Include="..\Classes\CheckList.h">
      <Filter>src\Check</Filter>
    </ClInclude>
    <ClInclude Include="..\Classes\debug\_DebugConOut.h">
      <Filter>src</Filter>
    </ClInclude>
    <ClInclude Include="..\Classes\actModule.h">
      <Filter>src\Action</Filter>
    </ClInclude>
    <ClInclude Include="..\Classes\CameraCtl.h">
      <Filter>src\Camera</Filter>
    </ClInclude>
    <ClInclude Include="..\Classes\GameScene.h">
      <Filter>src\Scene</Filter>
    </ClInclude>
    <ClInclude Include="..\Classes\ResultScene.h">
      <Filter>src\Scene</Filter>
    </ClInclude>
    <ClInclude Include="..\Classes\TitleScene.h">
      <Filter>src\Scene</Filter>
    </ClInclude>
    <ClInclude Include="..\Classes\item\HpItem.h">
      <Filter>src\Item</Filter>
    </ClInclude>
    <ClInclude Include="..\Classes\item\NormalItem.h">
      <Filter>src\Item</Filter>
    </ClInclude>
    <ClInclude Include="..\Classes\Score.h">
      <Filter>src</Filter>
    </ClInclude>
    <ClInclude Include="..\Classes\move\AttackMove.h">
      <Filter>src\Action</Filter>
    </ClInclude>
    <ClInclude Include="..\Classes\ui\clickUI.h">
      <Filter>src\UI&amp;Visual</Filter>
    </ClInclude>
    <ClInclude Include="DisplayUI.h" />
    <ClInclude Include="..\Classes\ui\TitleNameMove.h">
      <Filter>src\UI&amp;Visual</Filter>
    </ClInclude>
    <ClInclude Include="..\Classes\ui\BackScroll.h">
      <Filter>src\UI&amp;Visual</Filter>
    </ClInclude>
    <ClInclude Include="..\Classes\ui\Attack.h">
      <Filter>src\UI&amp;Visual</Filter>
    </ClInclude>
  </ItemGroup>
  <ItemGroup>
    <ResourceCompile Include="game.rc">
      <Filter>resource</Filter>
    </ResourceCompile>
  </ItemGroup>
</Project>